
Microsoft Visual Studio Solution File, Format Version 12.00
# Visual Studio Version 16
VisualStudioVersion = 16.0.30011.22
MinimumVisualStudioVersion = 10.0.40219.1
Project("{FAE04EC0-301F-11D3-BF4B-00C04F79EFBC}") = "GetFish", "GetFish\GetFish.csproj", "{3243C1F1-5F48-43AB-87A3-EF4C9E6DA73B}"
EndProject
Global
	GlobalSection(SolutionConfigurationPlatforms) = preSolution
		Debug|Any CPU = Debug|Any CPU
		Release|Any CPU = Release|Any CPU
	EndGlobalSection
	GlobalSection(ProjectConfigurationPlatforms) = postSolution
		{3243C1F1-5F48-43AB-87A3-EF4C9E6DA73B}.Debug|Any CPU.ActiveCfg = Debug|Any CPU
		{3243C1F1-5F48-43AB-87A3-EF4C9E6DA73B}.Debug|Any CPU.Build.0 = Debug|Any CPU
		{3243C1F1-5F48-43AB-87A3-EF4C9E6DA73B}.Release|Any CPU.ActiveCfg = Release|Any CPU
		{3243C1F1-5F48-43AB-87A3-EF4C9E6DA73B}.Release|Any CPU.Build.0 = Release|Any CPU
	EndGlobalSection
	GlobalSection(SolutionProperties) = preSolution
		HideSolutionNode = FALSE
	EndGlobalSection
	GlobalSection(ExtensibilityGlobals) = postSolution
		SolutionGuid = {B97BD392-060B-4015-80C2-F52A50101142}
	EndGlobalSection
EndGlobal
